
Microsoft Visual Studio Solution File, Format Version 12.00
# Visual Studio Version 16
VisualStudioVersion = 16.0.28922.388
MinimumVisualStudioVersion = 10.0.40219.1
Project("{2150E333-8FDC-42A3-9474-1A3956D46DE8}") = "src", "src", "{AFAA0841-BD93-466F-B8F4-FB4EEC86F1FC}"
EndProject
Project("{2150E333-8FDC-42A3-9474-1A3956D46DE8}") = "test", "test", "{F10AA149-2626-486E-85BB-9CD5365F3016}"
EndProject
Project("{9A19103F-16F7-4668-BE54-9A1E7A4F7556}") = "CarPlusGo.CVAS.Core", "src\CarPlusGo.CVAS.Core\CarPlusGo.CVAS.Core.csproj", "{0FA75A5B-AB83-4FD0-B545-279774C01E87}"
EndProject
Project("{9A19103F-16F7-4668-BE54-9A1E7A4F7556}") = "CarPlusGo.CVAS.Application", "src\CarPlusGo.CVAS.Application\CarPlusGo.CVAS.Application.csproj", "{3870C648-4AEA-4B85-BA3F-F2F63B96136A}"
EndProject
Project("{9A19103F-16F7-4668-BE54-9A1E7A4F7556}") = "CarPlusGo.CVAS.Tests", "test\CarPlusGo.CVAS.Tests\CarPlusGo.CVAS.Tests.csproj", "{0D4C5D00-C144-4213-A007-4B8944113AB1}"
EndProject
Project("{9A19103F-16F7-4668-BE54-9A1E7A4F7556}") = "CarPlusGo.CVAS.Migrator", "src\CarPlusGo.CVAS.Migrator\CarPlusGo.CVAS.Migrator.csproj", "{880B3591-E057-46FE-B525-10BD83828B93}"
EndProject
Project("{9A19103F-16F7-4668-BE54-9A1E7A4F7556}") = "CarPlusGo.CVAS.Web.Host", "src\CarPlusGo.CVAS.Web.Host\CarPlusGo.CVAS.Web.Host.csproj", "{38E184BD-E874-4633-A947-AED4FDB73F40}"
EndProject
Project("{9A19103F-16F7-4668-BE54-9A1E7A4F7556}") = "CarPlusGo.CVAS.Web.Core", "src\CarPlusGo.CVAS.Web.Core\CarPlusGo.CVAS.Web.Core.csproj", "{22CFE0D2-8DCA-42D7-AD7D-784C3862493F}"
EndProject
Project("{9A19103F-16F7-4668-BE54-9A1E7A4F7556}") = "CarPlusGo.CVAS.EntityFrameworkCore", "src\CarPlusGo.CVAS.EntityFrameworkCore\CarPlusGo.CVAS.EntityFrameworkCore.csproj", "{E0580562-F8F2-4EBB-B07A-ABFC6F2C314F}"
EndProject
Project("{2150E333-8FDC-42A3-9474-1A3956D46DE8}") = "abp", "abp", "{B054EA5E-4FA9-4FCB-8BD0-62FBBCC7E63E}"
EndProject
Project("{9A19103F-16F7-4668-BE54-9A1E7A4F7556}") = "Abp.ZeroCore.EntityFrameworkCore", "abp\Abp.ZeroCore.EntityFrameworkCore\Abp.ZeroCore.EntityFrameworkCore.csproj", "{343519B2-0BC6-4A57-8C38-5A5D569025B8}"
EndProject
Project("{9A19103F-16F7-4668-BE54-9A1E7A4F7556}") = "Abp.ZeroCore", "abp\Abp.ZeroCore\Abp.ZeroCore.csproj", "{A2A23779-515B-49C8-8FDA-30E7C17C78CC}"
EndProject
Project("{9A19103F-16F7-4668-BE54-9A1E7A4F7556}") = "Abp.Zero.Common", "abp\Abp.Zero.Common\Abp.Zero.Common.csproj", "{A7FA0152-E2E9-473C-B0E1-86782206F330}"
EndProject
Project("{9A19103F-16F7-4668-BE54-9A1E7A4F7556}") = "Abp.Web.Common", "abp\Abp.Web.Common\Abp.Web.Common.csproj", "{A806908B-C3AD-4B48-AA2D-59D5BD7CFC41}"
EndProject
Project("{9A19103F-16F7-4668-BE54-9A1E7A4F7556}") = "Abp.EntityFrameworkCore", "abp\Abp.EntityFrameworkCore\Abp.EntityFrameworkCore.csproj", "{C895FB36-E10D-40C8-9891-84002F539CB1}"
EndProject
Project("{9A19103F-16F7-4668-BE54-9A1E7A4F7556}") = "Abp.EntityFramework.Common", "abp\Abp.EntityFramework.Common\Abp.EntityFramework.Common.csproj", "{2B2CBAC9-3CE0-4322-84F0-318785AEBB3A}"
EndProject
Project("{9A19103F-16F7-4668-BE54-9A1E7A4F7556}") = "Abp.Castle.Log4Net", "abp\Abp.Castle.Log4Net\Abp.Castle.Log4Net.csproj", "{1B024F03-A8B6-4BB8-B27B-EFBE3FB012B3}"
EndProject
Project("{9A19103F-16F7-4668-BE54-9A1E7A4F7556}") = "Abp.AutoMapper", "abp\Abp.AutoMapper\Abp.AutoMapper.csproj", "{54F6967E-845C-46D7-90CA-857A1D542E88}"
EndProject
Project("{9A19103F-16F7-4668-BE54-9A1E7A4F7556}") = "Abp.AspNetCore.SignalR", "abp\Abp.AspNetCore.SignalR\Abp.AspNetCore.SignalR.csproj", "{3C7132C5-88A8-46BC-8EAB-0A38BDB9F728}"
EndProject
Project("{9A19103F-16F7-4668-BE54-9A1E7A4F7556}") = "Abp.AspNetCore", "abp\Abp.AspNetCore\Abp.AspNetCore.csproj", "{EDEB91D7-E148-4C84-993F-28175D105C3E}"
EndProject
Project("{9A19103F-16F7-4668-BE54-9A1E7A4F7556}") = "Abp", "abp\Abp\Abp.csproj", "{3DC5149B-C06A-47FD-8735-4F19BCCE6D0C}"
EndProject
Project("{FAE04EC0-301F-11D3-BF4B-00C04F79EFBC}") = "CarPlusGo.CVAS.MongoDBCore", "src\CarPlusGo.CVAS.MongoDBCore\CarPlusGo.CVAS.MongoDBCore.csproj", "{1A51EC8D-78A8-4F2C-9335-CFF9D46256B5}"
EndProject
Global
	GlobalSection(SolutionConfigurationPlatforms) = preSolution
		Debug|Any CPU = Debug|Any CPU
		Release|Any CPU = Release|Any CPU
	EndGlobalSection
	GlobalSection(ProjectConfigurationPlatforms) = postSolution
		{0FA75A5B-AB83-4FD0-B545-279774C01E87}.Debug|Any CPU.ActiveCfg = Debug|Any CPU
		{0FA75A5B-AB83-4FD0-B545-279774C01E87}.Debug|Any CPU.Build.0 = Debug|Any CPU
		{0FA75A5B-AB83-4FD0-B545-279774C01E87}.Release|Any CPU.ActiveCfg = Release|Any CPU
		{0FA75A5B-AB83-4FD0-B545-279774C01E87}.Release|Any CPU.Build.0 = Release|Any CPU
		{3870C648-4AEA-4B85-BA3F-F2F63B96136A}.Debug|Any CPU.ActiveCfg = Debug|Any CPU
		{3870C648-4AEA-4B85-BA3F-F2F63B96136A}.Debug|Any CPU.Build.0 = Debug|Any CPU
		{3870C648-4AEA-4B85-BA3F-F2F63B96136A}.Release|Any CPU.ActiveCfg = Release|Any CPU
		{3870C648-4AEA-4B85-BA3F-F2F63B96136A}.Release|Any CPU.Build.0 = Release|Any CPU
		{0D4C5D00-C144-4213-A007-4B8944113AB1}.Debug|Any CPU.ActiveCfg = Debug|Any CPU
		{0D4C5D00-C144-4213-A007-4B8944113AB1}.Debug|Any CPU.Build.0 = Debug|Any CPU
		{0D4C5D00-C144-4213-A007-4B8944113AB1}.Release|Any CPU.ActiveCfg = Release|Any CPU
		{0D4C5D00-C144-4213-A007-4B8944113AB1}.Release|Any CPU.Build.0 = Release|Any CPU
		{880B3591-E057-46FE-B525-10BD83828B93}.Debug|Any CPU.ActiveCfg = Debug|Any CPU
		{880B3591-E057-46FE-B525-10BD83828B93}.Debug|Any CPU.Build.0 = Debug|Any CPU
		{880B3591-E057-46FE-B525-10BD83828B93}.Release|Any CPU.ActiveCfg = Release|Any CPU
		{880B3591-E057-46FE-B525-10BD83828B93}.Release|Any CPU.Build.0 = Release|Any CPU
		{38E184BD-E874-4633-A947-AED4FDB73F40}.Debug|Any CPU.ActiveCfg = Debug|Any CPU
		{38E184BD-E874-4633-A947-AED4FDB73F40}.Debug|Any CPU.Build.0 = Debug|Any CPU
		{38E184BD-E874-4633-A947-AED4FDB73F40}.Release|Any CPU.ActiveCfg = Release|Any CPU
		{38E184BD-E874-4633-A947-AED4FDB73F40}.Release|Any CPU.Build.0 = Release|Any CPU
		{22CFE0D2-8DCA-42D7-AD7D-784C3862493F}.Debug|Any CPU.ActiveCfg = Debug|Any CPU
		{22CFE0D2-8DCA-42D7-AD7D-784C3862493F}.Debug|Any CPU.Build.0 = Debug|Any CPU
		{22CFE0D2-8DCA-42D7-AD7D-784C3862493F}.Release|Any CPU.ActiveCfg = Release|Any CPU
		{22CFE0D2-8DCA-42D7-AD7D-784C3862493F}.Release|Any CPU.Build.0 = Release|Any CPU
		{E0580562-F8F2-4EBB-B07A-ABFC6F2C314F}.Debug|Any CPU.ActiveCfg = Debug|Any CPU
		{E0580562-F8F2-4EBB-B07A-ABFC6F2C314F}.Debug|Any CPU.Build.0 = Debug|Any CPU
		{E0580562-F8F2-4EBB-B07A-ABFC6F2C314F}.Release|Any CPU.ActiveCfg = Release|Any CPU
		{E0580562-F8F2-4EBB-B07A-ABFC6F2C314F}.Release|Any CPU.Build.0 = Release|Any CPU
		{343519B2-0BC6-4A57-8C38-5A5D569025B8}.Debug|Any CPU.ActiveCfg = Debug|Any CPU
		{343519B2-0BC6-4A57-8C38-5A5D569025B8}.Debug|Any CPU.Build.0 = Debug|Any CPU
		{343519B2-0BC6-4A57-8C38-5A5D569025B8}.Release|Any CPU.ActiveCfg = Release|Any CPU
		{343519B2-0BC6-4A57-8C38-5A5D569025B8}.Release|Any CPU.Build.0 = Release|Any CPU
		{A2A23779-515B-49C8-8FDA-30E7C17C78CC}.Debug|Any CPU.ActiveCfg = Debug|Any CPU
		{A2A23779-515B-49C8-8FDA-30E7C17C78CC}.Debug|Any CPU.Build.0 = Debug|Any CPU
		{A2A23779-515B-49C8-8FDA-30E7C17C78CC}.Release|Any CPU.ActiveCfg = Release|Any CPU
		{A2A23779-515B-49C8-8FDA-30E7C17C78CC}.Release|Any CPU.Build.0 = Release|Any CPU
		{A7FA0152-E2E9-473C-B0E1-86782206F330}.Debug|Any CPU.ActiveCfg = Debug|Any CPU
		{A7FA0152-E2E9-473C-B0E1-86782206F330}.Debug|Any CPU.Build.0 = Debug|Any CPU
		{A7FA0152-E2E9-473C-B0E1-86782206F330}.Release|Any CPU.ActiveCfg = Release|Any CPU
		{A7FA0152-E2E9-473C-B0E1-86782206F330}.Release|Any CPU.Build.0 = Release|Any CPU
		{A806908B-C3AD-4B48-AA2D-59D5BD7CFC41}.Debug|Any CPU.ActiveCfg = Debug|Any CPU
		{A806908B-C3AD-4B48-AA2D-59D5BD7CFC41}.Debug|Any CPU.Build.0 = Debug|Any CPU
		{A806908B-C3AD-4B48-AA2D-59D5BD7CFC41}.Release|Any CPU.ActiveCfg = Release|Any CPU
		{A806908B-C3AD-4B48-AA2D-59D5BD7CFC41}.Release|Any CPU.Build.0 = Release|Any CPU
		{C895FB36-E10D-40C8-9891-84002F539CB1}.Debug|Any CPU.ActiveCfg = Debug|Any CPU
		{C895FB36-E10D-40C8-9891-84002F539CB1}.Debug|Any CPU.Build.0 = Debug|Any CPU
		{C895FB36-E10D-40C8-9891-84002F539CB1}.Release|Any CPU.ActiveCfg = Release|Any CPU
		{C895FB36-E10D-40C8-9891-84002F539CB1}.Release|Any CPU.Build.0 = Release|Any CPU
		{2B2CBAC9-3CE0-4322-84F0-318785AEBB3A}.Debug|Any CPU.ActiveCfg = Debug|Any CPU
		{2B2CBAC9-3CE0-4322-84F0-318785AEBB3A}.Debug|Any CPU.Build.0 = Debug|Any CPU
		{2B2CBAC9-3CE0-4322-84F0-318785AEBB3A}.Release|Any CPU.ActiveCfg = Release|Any CPU
		{2B2CBAC9-3CE0-4322-84F0-318785AEBB3A}.Release|Any CPU.Build.0 = Release|Any CPU
		{1B024F03-A8B6-4BB8-B27B-EFBE3FB012B3}.Debug|Any CPU.ActiveCfg = Debug|Any CPU
		{1B024F03-A8B6-4BB8-B27B-EFBE3FB012B3}.Debug|Any CPU.Build.0 = Debug|Any CPU
		{1B024F03-A8B6-4BB8-B27B-EFBE3FB012B3}.Release|Any CPU.ActiveCfg = Release|Any CPU
		{1B024F03-A8B6-4BB8-B27B-EFBE3FB012B3}.Release|Any CPU.Build.0 = Release|Any CPU
		{54F6967E-845C-46D7-90CA-857A1D542E88}.Debug|Any CPU.ActiveCfg = Debug|Any CPU
		{54F6967E-845C-46D7-90CA-857A1D542E88}.Debug|Any CPU.Build.0 = Debug|Any CPU
		{54F6967E-845C-46D7-90CA-857A1D542E88}.Release|Any CPU.ActiveCfg = Release|Any CPU
		{54F6967E-845C-46D7-90CA-857A1D542E88}.Release|Any CPU.Build.0 = Release|Any CPU
		{3C7132C5-88A8-46BC-8EAB-0A38BDB9F728}.Debug|Any CPU.ActiveCfg = Debug|Any CPU
		{3C7132C5-88A8-46BC-8EAB-0A38BDB9F728}.Debug|Any CPU.Build.0 = Debug|Any CPU
		{3C7132C5-88A8-46BC-8EAB-0A38BDB9F728}.Release|Any CPU.ActiveCfg = Release|Any CPU
		{3C7132C5-88A8-46BC-8EAB-0A38BDB9F728}.Release|Any CPU.Build.0 = Release|Any CPU
		{EDEB91D7-E148-4C84-993F-28175D105C3E}.Debug|Any CPU.ActiveCfg = Debug|Any CPU
		{EDEB91D7-E148-4C84-993F-28175D105C3E}.Debug|Any CPU.Build.0 = Debug|Any CPU
		{EDEB91D7-E148-4C84-993F-28175D105C3E}.Release|Any CPU.ActiveCfg = Release|Any CPU
		{EDEB91D7-E148-4C84-993F-28175D105C3E}.Release|Any CPU.Build.0 = Release|Any CPU
		{3DC5149B-C06A-47FD-8735-4F19BCCE6D0C}.Debug|Any CPU.ActiveCfg = Debug|Any CPU
		{3DC5149B-C06A-47FD-8735-4F19BCCE6D0C}.Debug|Any CPU.Build.0 = Debug|Any CPU
		{3DC5149B-C06A-47FD-8735-4F19BCCE6D0C}.Release|Any CPU.ActiveCfg = Release|Any CPU
		{3DC5149B-C06A-47FD-8735-4F19BCCE6D0C}.Release|Any CPU.Build.0 = Release|Any CPU
		{1A51EC8D-78A8-4F2C-9335-CFF9D46256B5}.Debug|Any CPU.ActiveCfg = Debug|Any CPU
		{1A51EC8D-78A8-4F2C-9335-CFF9D46256B5}.Debug|Any CPU.Build.0 = Debug|Any CPU
		{1A51EC8D-78A8-4F2C-9335-CFF9D46256B5}.Release|Any CPU.ActiveCfg = Release|Any CPU
		{1A51EC8D-78A8-4F2C-9335-CFF9D46256B5}.Release|Any CPU.Build.0 = Release|Any CPU
	EndGlobalSection
	GlobalSection(SolutionProperties) = preSolution
		HideSolutionNode = FALSE
	EndGlobalSection
	GlobalSection(NestedProjects) = preSolution
		{0FA75A5B-AB83-4FD0-B545-279774C01E87} = {AFAA0841-BD93-466F-B8F4-FB4EEC86F1FC}
		{3870C648-4AEA-4B85-BA3F-F2F63B96136A} = {AFAA0841-BD93-466F-B8F4-FB4EEC86F1FC}
		{0D4C5D00-C144-4213-A007-4B8944113AB1} = {F10AA149-2626-486E-85BB-9CD5365F3016}
		{880B3591-E057-46FE-B525-10BD83828B93} = {AFAA0841-BD93-466F-B8F4-FB4EEC86F1FC}
		{38E184BD-E874-4633-A947-AED4FDB73F40} = {AFAA0841-BD93-466F-B8F4-FB4EEC86F1FC}
		{22CFE0D2-8DCA-42D7-AD7D-784C3862493F} = {AFAA0841-BD93-466F-B8F4-FB4EEC86F1FC}
		{E0580562-F8F2-4EBB-B07A-ABFC6F2C314F} = {AFAA0841-BD93-466F-B8F4-FB4EEC86F1FC}
		{343519B2-0BC6-4A57-8C38-5A5D569025B8} = {B054EA5E-4FA9-4FCB-8BD0-62FBBCC7E63E}
		{A2A23779-515B-49C8-8FDA-30E7C17C78CC} = {B054EA5E-4FA9-4FCB-8BD0-62FBBCC7E63E}
		{A7FA0152-E2E9-473C-B0E1-86782206F330} = {B054EA5E-4FA9-4FCB-8BD0-62FBBCC7E63E}
		{A806908B-C3AD-4B48-AA2D-59D5BD7CFC41} = {B054EA5E-4FA9-4FCB-8BD0-62FBBCC7E63E}
		{C895FB36-E10D-40C8-9891-84002F539CB1} = {B054EA5E-4FA9-4FCB-8BD0-62FBBCC7E63E}
		{2B2CBAC9-3CE0-4322-84F0-318785AEBB3A} = {B054EA5E-4FA9-4FCB-8BD0-62FBBCC7E63E}
		{1B024F03-A8B6-4BB8-B27B-EFBE3FB012B3} = {B054EA5E-4FA9-4FCB-8BD0-62FBBCC7E63E}
		{54F6967E-845C-46D7-90CA-857A1D542E88} = {B054EA5E-4FA9-4FCB-8BD0-62FBBCC7E63E}
		{3C7132C5-88A8-46BC-8EAB-0A38BDB9F728} = {B054EA5E-4FA9-4FCB-8BD0-62FBBCC7E63E}
		{EDEB91D7-E148-4C84-993F-28175D105C3E} = {B054EA5E-4FA9-4FCB-8BD0-62FBBCC7E63E}
		{3DC5149B-C06A-47FD-8735-4F19BCCE6D0C} = {B054EA5E-4FA9-4FCB-8BD0-62FBBCC7E63E}
		{1A51EC8D-78A8-4F2C-9335-CFF9D46256B5} = {AFAA0841-BD93-466F-B8F4-FB4EEC86F1FC}
	EndGlobalSection
	GlobalSection(ExtensibilityGlobals) = postSolution
		SolutionGuid = {E7796C8F-5E06-4C47-961D-24D1688EDF28}
	EndGlobalSection
EndGlobal
